<?xml version="1.0" encoding="utf-8"?>
<Project ToolsVersion="4.0" xmlns="http://schemas.microsoft.com/developer/msbuild/2003">
  <ItemGroup>
    <Filter Include="Source Files">
      <UniqueIdentifier>{4FC737F1-C7A5-4376-A066-2A32D752A2FF}</UniqueIdentifier>
      <Extensions>cpp;c;cc;cxx;def;odl;idl;hpj;bat;asm;asmx</Extensions>
    </Filter>
    <Filter Include="Header Files">
      <UniqueIdentifier>{93995380-89BD-4b04-88EB-625FBE52EBFB}</UniqueIdentifier>
      <Extensions>h;hh;hpp;hxx;hm;inl;inc;ipp;xsd</Extensions>
    </Filter>
    <Filter Include="Resource Files">
      <UniqueIdentifier>{67DA6AB6-F800-4c08-8B7A-83BB121AAD01}</UniqueIdentifier>
      <Extensions>rc;ico;cur;bmp;dlg;rc2;rct;bin;rgs;gif;jpg;jpeg;jpe;resx;tiff;tif;png;wav;mfcribbon-ms</Extensions>
    </Filter>
    <Filter Include="Header Files\Menus">
      <UniqueIdentifier>{ae56d1d5-2b15-4b26-936a-8f88ed4369e4}</UniqueIdentifier>
    </Filter>
    <Filter Include="Source Files\Menus">
      <UniqueIdentifier>{ccfb976a-47f3-499a-8513-fbc040762aa6}</UniqueIdentifier>
    </Filter>
    <Filter Include="Header Files\Battle">
      <UniqueIdentifier>{dcdc6f19-ae62-4863-ba56-66057c60baf4}</UniqueIdentifier>
    </Filter>
    <Filter Include="Source Files\Battle">
      <UniqueIdentifier>{55cd0a42-931d-49fc-b342-44f033528dae}</UniqueIdentifier>
    </Filter>
  </ItemGroup>
  <ItemGroup>
    <ClCompile Include="main.cpp">
      <Filter>Source Files</Filter>
    </ClCompile>
    <ClCompile Include="Game.cpp">
      <Filter>Source Files</Filter>
    </ClCompile>
    <ClCompile Include="Menus\Menu.cpp">
      <Filter>Source Files\Menus</Filter>
    </ClCompile>
    <ClCompile Include="Menus\MenuButton.cpp">
      <Filter>Source Files\Menus</Filter>
    </ClCompile>
    <ClCompile Include="Menus\MenuItem.cpp">
      <Filter>Source Files\Menus</Filter>
    </ClCompile>
    <ClCompile Include="Menus\MenuManager.cpp">
      <Filter>Source Files\Menus</Filter>
    </ClCompile>
    <ClCompile Include="Menus\MenuText.cpp">
      <Filter>Source Files\Menus</Filter>
    </ClCompile>
    <ClCompile Include="Menus\LevelMenu.cpp">
      <Filter>Source Files\Menus</Filter>
    </ClCompile>
    <ClCompile Include="Menus\CharacterButton.cpp">
      <Filter>Source Files\Menus</Filter>
    </ClCompile>
    <ClCompile Include="stdafx.cpp">
      <Filter>Source Files</Filter>
    </ClCompile>
    <ClCompile Include="Battle\CharacterTemplate.cpp">
      <Filter>Source Files\Battle</Filter>
    </ClCompile>
    <ClCompile Include="Menus\CharacterInfoDisplay.cpp">
      <Filter>Source Files\Menus</Filter>
    </ClCompile>
    <ClCompile Include="Battle\Character.cpp">
      <Filter>Source Files\Battle</Filter>
    </ClCompile>
    <ClCompile Include="Menus\LockableMenuButton.cpp">
      <Filter>Source Files\Menus</Filter>
    </ClCompile>
  </ItemGroup>
  <ItemGroup>
    <ClInclude Include="Game.h">
      <Filter>Header Files</Filter>
    </ClInclude>
    <ClInclude Include="stdafx.h">
      <Filter>Header Files</Filter>
    </ClInclude>
    <ClInclude Include="resource.h">
      <Filter>Header Files</Filter>
    </ClInclude>
    <ClInclude Include="Menus\Menu.h">
      <Filter>Header Files\Menus</Filter>
    </ClInclude>
    <ClInclude Include="Menus\MenuButton.h">
      <Filter>Header Files\Menus</Filter>
    </ClInclude>
    <ClInclude Include="Menus\MenuItem.h">
      <Filter>Header Files\Menus</Filter>
    </ClInclude>
    <ClInclude Include="Menus\MenuManager.h">
      <Filter>Header Files\Menus</Filter>
    </ClInclude>
    <ClInclude Include="Menus\MenuText.h">
      <Filter>Header Files\Menus</Filter>
    </ClInclude>
    <ClInclude Include="Menus\LevelMenu.h">
      <Filter>Header Files\Menus</Filter>
    </ClInclude>
    <ClInclude Include="Menus\CharacterButton.h">
      <Filter>Header Files\Menus</Filter>
    </ClInclude>
    <ClInclude Include="Battle\CharacterTemplate.h">
      <Filter>Header Files\Battle</Filter>
    </ClInclude>
    <ClInclude Include="Menus\CharacterInfoDisplay.h">
      <Filter>Header Files\Menus</Filter>
    </ClInclude>
    <ClInclude Include="Battle\Character.h">
      <Filter>Header Files\Battle</Filter>
    </ClInclude>
    <ClInclude Include="Menus\LockableMenuButton.h">
      <Filter>Header Files\Menus</Filter>
    </ClInclude>
  </ItemGroup>
  <ItemGroup>
    <ResourceCompile Include="SAMiGame.rc">
      <Filter>Resource Files</Filter>
    </ResourceCompile>
  </ItemGroup>
</Project>